
Microsoft Visual Studio Solution File, Format Version 12.00
# Visual Studio Version 17
VisualStudioVersion = 17.3.32825.248
MinimumVisualStudioVersion = 10.0.40219.1
Project("{FAE04EC0-301F-11D3-BF4B-00C04F79EFBC}") = "AgendaTarefas", "AgendaTarefas\AgendaTarefas.csproj", "{35BDFF15-405E-4331-A3B9-2B06845C182F}"
EndProject
Global
	GlobalSection(SolutionConfigurationPlatforms) = preSolution
		Debug|Any CPU = Debug|Any CPU
		Release|Any CPU = Release|Any CPU
	EndGlobalSection
	GlobalSection(ProjectConfigurationPlatforms) = postSolution
		{35BDFF15-405E-4331-A3B9-2B06845C182F}.Debug|Any CPU.ActiveCfg = Debug|Any CPU
		{35BDFF15-405E-4331-A3B9-2B06845C182F}.Debug|Any CPU.Build.0 = Debug|Any CPU
		{35BDFF15-405E-4331-A3B9-2B06845C182F}.Release|Any CPU.ActiveCfg = Release|Any CPU
		{35BDFF15-405E-4331-A3B9-2B06845C182F}.Release|Any CPU.Build.0 = Release|Any CPU
	EndGlobalSection
	GlobalSection(SolutionProperties) = preSolution
		HideSolutionNode = FALSE
	EndGlobalSection
	GlobalSection(ExtensibilityGlobals) = postSolution
		SolutionGuid = {46D26693-202D-48D6-8E89-92FA78A42613}
	EndGlobalSection
EndGlobal
